
Microsoft Visual Studio Solution File, Format Version 12.00
# Visual Studio Version 16
VisualStudioVersion = 16.0.30709.132
MinimumVisualStudioVersion = 10.0.40219.1
Project("{FAE04EC0-301F-11D3-BF4B-00C04F79EFBC}") = "RentalKendaraan_028", "RentalKendaraan_028\RentalKendaraan_028.csproj", "{86A1CF6F-B4AB-4043-8953-570E9F52928E}"
EndProject
Global
	GlobalSection(SolutionConfigurationPlatforms) = preSolution
		Debug|Any CPU = Debug|Any CPU
		Release|Any CPU = Release|Any CPU
	EndGlobalSection
	GlobalSection(ProjectConfigurationPlatforms) = postSolution
		{86A1CF6F-B4AB-4043-8953-570E9F52928E}.Debug|Any CPU.ActiveCfg = Debug|Any CPU
		{86A1CF6F-B4AB-4043-8953-570E9F52928E}.Debug|Any CPU.Build.0 = Debug|Any CPU
		{86A1CF6F-B4AB-4043-8953-570E9F52928E}.Release|Any CPU.ActiveCfg = Release|Any CPU
		{86A1CF6F-B4AB-4043-8953-570E9F52928E}.Release|Any CPU.Build.0 = Release|Any CPU
	EndGlobalSection
	GlobalSection(SolutionProperties) = preSolution
		HideSolutionNode = FALSE
	EndGlobalSection
	GlobalSection(ExtensibilityGlobals) = postSolution
		SolutionGuid = {C7120EEB-3741-4F94-B27D-C47904D937ED}
	EndGlobalSection
EndGlobal
